github.com/youngzhu/go-smail v0.1.2 h1:zPPl6akB6Blenf9xRg/j3uj/SvSkVg9INsWxqv3rEiY=
github.com/youngzhu/go-smail v0.1.2/go.mod h1:ftExeNCNTwOxF0/BUhhYXaOiwvVeyNeIR7L6g+XZWtY=
github.com/youngzhu/godate v0.4.1 h1:AuTTuPN0VCRLNo1YVoyzrfqwhrEc5UpSHt7E5RC6LlA=
github.com/youngzhu/godate v0.4.1/go.mod h1:t7JdbUghILQVWmHNCjDJVVewNoc7CNK5xuNVUo+gTZs=
gopkg.in/alexcesaro/quotedprintable.v3 v3.0.0-20150716171945-2caba252f4dc h1:2gGKlE2+asNV9m7xrywl36YYNnBG5ZQ0r/BOOxqPpmk=
gopkg.in/alexcesaro/quotedprintable.v3 v3.0.0-20150716171945-2caba252f4dc/go.mod h1:m7x9LTH6d71AHyAX77c9yqWCCa3UKHcVEj9y7hAtKDk=
gopkg.in/gomail.v2 v2.0.0-20160411212932-81ebce5c23df h1:n7WqCuqOuCbNr617RXOY0AWRXxgwEyPp2z+p0+hgMuE=
gopkg.in/gomail.v2 v2.0.0-20160411212932-81ebce5c23df/go.mod h1:LRQQ+SO6ZHR7tOkpBDuZnXENFzX8qRjMDMyPD6BRkCw=
